
Microsoft Visual Studio Solution File, Format Version 12.00
# Visual Studio 15
VisualStudioVersion = 15.0.27703.1
MinimumVisualStudioVersion = 10.0.40219.1
Project("{FAE04EC0-301F-11D3-BF4B-00C04F79EFBC}") = "Mihail Georgescu 1051 Project", "Mihail Georgescu 1051 Project\Mihail Georgescu 1051 Project.csproj", "{57AEAB9D-8FB0-4DD6-B436-9113B01C6953}"
EndProject
Global
	GlobalSection(SolutionConfigurationPlatforms) = preSolution
		Debug|Any CPU = Debug|Any CPU
		Release|Any CPU = Release|Any CPU
	EndGlobalSection
	GlobalSection(ProjectConfigurationPlatforms) = postSolution
		{57AEAB9D-8FB0-4DD6-B436-9113B01C6953}.Debug|Any CPU.ActiveCfg = Debug|Any CPU
		{57AEAB9D-8FB0-4DD6-B436-9113B01C6953}.Debug|Any CPU.Build.0 = Debug|Any CPU
		{57AEAB9D-8FB0-4DD6-B436-9113B01C6953}.Release|Any CPU.ActiveCfg = Release|Any CPU
		{57AEAB9D-8FB0-4DD6-B436-9113B01C6953}.Release|Any CPU.Build.0 = Release|Any CPU
	EndGlobalSection
	GlobalSection(SolutionProperties) = preSolution
		HideSolutionNode = FALSE
	EndGlobalSection
	GlobalSection(ExtensibilityGlobals) = postSolution
		SolutionGuid = {97E3FFDB-F45C-4DB9-B7E1-23D5768410A2}
	EndGlobalSection
EndGlobal
